// !$*UTF8*$!
{
	archiveVersion = 1;
	classes = {
	};
	objectVersion = 46;
	objects = {

/* Begin PBXBuildFile section */
		C28B5B071EF62A8E00EF2A9F /* AppDelegate.m in Sources */ = {isa = PBXBuildFile; fileRef = C28B5AFD1EF62A8E00EF2A9F /* AppDelegate.m */; };
		C28B5B091EF62A8E00EF2A9F /* main.m in Sources */ = {isa = PBXBuildFile; fileRef = C28B5B011EF62A8E00EF2A9F /* main.m */; };
		C28B5B0D1EF657D500EF2A9F /* Info.plist in Resources */ = {isa = PBXBuildFile; fileRef = C28B5B0C1EF657D500EF2A9F /* Info.plist */; };
		C2D2B5DD21056FAD005B4EC6 /* tab-home-light@2x.png in Resources */ = {isa = PBXBuildFile; fileRef = C2D2B5D421056FAD005B4EC6 /* tab-home-light@2x.png */; };
		C2D2B5DE21056FAD005B4EC6 /* tab-home-normal@2x.png in Resources */ = {isa = PBXBuildFile; fileRef = C2D2B5D521056FAD005B4EC6 /* tab-home-normal@2x.png */; };
		C2D2B5DF21056FAD005B4EC6 /* tab-my-light@2x.png in Resources */ = {isa = PBXBuildFile; fileRef = C2D2B5D621056FAD005B4EC6 /* tab-my-light@2x.png */; };
		C2D2B5E021056FAD005B4EC6 /* tab-my-normal@2x.png in Resources */ = {isa = PBXBuildFile; fileRef = C2D2B5D721056FAD005B4EC6 /* tab-my-normal@2x.png */; };
		C2D2B5E121056FAD005B4EC6 /* MainTabBarVC.m in Sources */ = {isa = PBXBuildFile; fileRef = C2D2B5D921056FAD005B4EC6 /* MainTabBarVC.m */; };
		C2D2B5E221056FAD005B4EC6 /* AppWatermark.m in Sources */ = {isa = PBXBuildFile; fileRef = C2D2B5DC21056FAD005B4EC6 /* AppWatermark.m */; };
/* End PBXBuildFile section */

/* Begin PBXFileReference section */
		C28B5A061EF22A9B00EF2A9F /* AppWatermark.app */ = {isa = PBXFileReference; explicitFileType = wrapper.application; includeInIndex = 0; path = AppWatermark.app; sourceTree = BUILT_PRODUCTS_DIR; };
		C28B5AC41EF60F7100EF2A9F /* CONSTS.h */ = {isa = PBXFileReference; fileEncoding = 4; lastKnownFileType = sourcecode.c.h; path = CONSTS.h; sourceTree = "<group>"; };
		C28B5AF81EF60FA700EF2A9F /* AppWatermark-Prefix.pch */ = {isa = PBXFileReference; fileEncoding = 4; lastKnownFileType = sourcecode.c.h; path = "AppWatermark-Prefix.pch"; sourceTree = "<group>"; };
		C28B5AFC1EF62A8E00EF2A9F /* AppDelegate.h */ = {isa = PBXFileReference; fileEncoding = 4; lastKnownFileType = sourcecode.c.h; path = AppDelegate.h; sourceTree = "<group>"; };
		C28B5AFD1EF62A8E00EF2A9F /* AppDelegate.m */ = {isa = PBXFileReference; fileEncoding = 4; lastKnownFileType = sourcecode.c.objc; path = AppDelegate.m; sourceTree = "<group>"; };
		C28B5B011EF62A8E00EF2A9F /* main.m */ = {isa = PBXFileReference; fileEncoding = 4; lastKnownFileType = sourcecode.c.objc; path = main.m; sourceTree = "<group>"; };
		C28B5B0C1EF657D500EF2A9F /* Info.plist */ = {isa = PBXFileReference; fileEncoding = 4; lastKnownFileType = text.plist.xml; path = Info.plist; sourceTree = "<group>"; };
		C2D2B5D421056FAD005B4EC6 /* tab-home-light@2x.png */ = {isa = PBXFileReference; lastKnownFileType = image.png; path = "tab-home-light@2x.png"; sourceTree = "<group>"; };
		C2D2B5D521056FAD005B4EC6 /* tab-home-normal@2x.png */ = {isa = PBXFileReference; lastKnownFileType = image.png; path = "tab-home-normal@2x.png"; sourceTree = "<group>"; };
		C2D2B5D621056FAD005B4EC6 /* tab-my-light@2x.png */ = {isa = PBXFileReference; lastKnownFileType = image.png; path = "tab-my-light@2x.png"; sourceTree = "<group>"; };
		C2D2B5D721056FAD005B4EC6 /* tab-my-normal@2x.png */ = {isa = PBXFileReference; lastKnownFileType = image.png; path = "tab-my-normal@2x.png"; sourceTree = "<group>"; };
		C2D2B5D821056FAD005B4EC6 /* MainTabBarVC.h */ = {isa = PBXFileReference; fileEncoding = 4; lastKnownFileType = sourcecode.c.h; path = MainTabBarVC.h; sourceTree = "<group>"; };
		C2D2B5D921056FAD005B4EC6 /* MainTabBarVC.m */ = {isa = PBXFileReference; fileEncoding = 4; lastKnownFileType = sourcecode.c.objc; path = MainTabBarVC.m; sourceTree = "<group>"; };
		C2D2B5DB21056FAD005B4EC6 /* AppWatermark.h */ = {isa = PBXFileReference; fileEncoding = 4; lastKnownFileType = sourcecode.c.h; path = AppWatermark.h; sourceTree = "<group>"; };
		C2D2B5DC21056FAD005B4EC6 /* AppWatermark.m */ = {isa = PBXFileReference; fileEncoding = 4; lastKnownFileType = sourcecode.c.objc; path = AppWatermark.m; sourceTree = "<group>"; };
/* End PBXFileReference section */

/* Begin PBXFrameworksBuildPhase section */
		C28B5A031EF22A9B00EF2A9F /* Frameworks */ = {
			isa = PBXFrameworksBuildPhase;
			buildActionMask = 2147483647;
			files = (
			);
			runOnlyForDeploymentPostprocessing = 0;
		};
/* End PBXFrameworksBuildPhase section */

/* Begin PBXGroup section */
		C28B59FD1EF22A9B00EF2A9F = {
			isa = PBXGroup;
			children = (
				C28B5A081EF22A9B00EF2A9F /* AppWatermark */,
				C28B5A071EF22A9B00EF2A9F /* Products */,
			);
			sourceTree = "<group>";
		};
		C28B5A071EF22A9B00EF2A9F /* Products */ = {
			isa = PBXGroup;
			children = (
				C28B5A061EF22A9B00EF2A9F /* AppWatermark.app */,
			);
			name = Products;
			sourceTree = "<group>";
		};
		C28B5A081EF22A9B00EF2A9F /* AppWatermark */ = {
			isa = PBXGroup;
			children = (
				C28B5AC31EF60F7100EF2A9F /* Common */,
				C28B5AFB1EF62A8E00EF2A9F /* Classes */,
				C28B5A201EF22F6000EF2A9F /* Supporting Files */,
			);
			path = AppWatermark;
			sourceTree = "<group>";
		};
		C28B5A201EF22F6000EF2A9F /* Supporting Files */ = {
			isa = PBXGroup;
			children = (
				C28B5B0C1EF657D500EF2A9F /* Info.plist */,
				C28B5AF81EF60FA700EF2A9F /* AppWatermark-Prefix.pch */,
			);
			path = "Supporting Files";
			sourceTree = "<group>";
		};
		C28B5AC31EF60F7100EF2A9F /* Common */ = {
			isa = PBXGroup;
			children = (
				C28B5AC41EF60F7100EF2A9F /* CONSTS.h */,
			);
			path = Common;
			sourceTree = "<group>";
		};
		C28B5AFB1EF62A8E00EF2A9F /* Classes */ = {
			isa = PBXGroup;
			children = (
				C2D2B5DA21056FAD005B4EC6 /* AppWatermark */,
				C2D2B5D221056FAD005B4EC6 /* TabBar */,
				C28B5AFC1EF62A8E00EF2A9F /* AppDelegate.h */,
				C28B5AFD1EF62A8E00EF2A9F /* AppDelegate.m */,
				C28B5B011EF62A8E00EF2A9F /* main.m */,
			);
			path = Classes;
			sourceTree = "<group>";
		};
		C2D2B5D221056FAD005B4EC6 /* TabBar */ = {
			isa = PBXGroup;
			children = (
				C2D2B5D321056FAD005B4EC6 /* Images */,
				C2D2B5D821056FAD005B4EC6 /* MainTabBarVC.h */,
				C2D2B5D921056FAD005B4EC6 /* MainTabBarVC.m */,
			);
			path = TabBar;
			sourceTree = "<group>";
		};
		C2D2B5D321056FAD005B4EC6 /* Images */ = {
			isa = PBXGroup;
			children = (
				C2D2B5D421056FAD005B4EC6 /* tab-home-light@2x.png */,
				C2D2B5D521056FAD005B4EC6 /* tab-home-normal@2x.png */,
				C2D2B5D621056FAD005B4EC6 /* tab-my-light@2x.png */,
				C2D2B5D721056FAD005B4EC6 /* tab-my-normal@2x.png */,
			);
			path = Images;
			sourceTree = "<group>";
		};
		C2D2B5DA21056FAD005B4EC6 /* AppWatermark */ = {
			isa = PBXGroup;
			children = (
				C2D2B5DB21056FAD005B4EC6 /* AppWatermark.h */,
				C2D2B5DC21056FAD005B4EC6 /* AppWatermark.m */,
			);
			path = AppWatermark;
			sourceTree = "<group>";
		};
/* End PBXGroup section */

/* Begin PBXNativeTarget section */
		C28B5A051EF22A9B00EF2A9F /* AppWatermark */ = {
			isa = PBXNativeTarget;
			buildConfigurationList = C28B5A1D1EF22A9B00EF2A9F /* Build configuration list for PBXNativeTarget "AppWatermark" */;
			buildPhases = (
				C28B5A021EF22A9B00EF2A9F /* Sources */,
				C28B5A031EF22A9B00EF2A9F /* Frameworks */,
				C28B5A041EF22A9B00EF2A9F /* Resources */,
			);
			buildRules = (
			);
			dependencies = (
			);
			name = AppWatermark;
			productName = MRDStandardProject;
			productReference = C28B5A061EF22A9B00EF2A9F /* AppWatermark.app */;
			productType = "com.apple.product-type.application";
		};
/* End PBXNativeTarget section */

/* Begin PBXProject section */
		C28B59FE1EF22A9B00EF2A9F /* Project object */ = {
			isa = PBXProject;
			attributes = {
				LastUpgradeCheck = 0830;
				ORGANIZATIONNAME = "高勇鹏";
				TargetAttributes = {
					C28B5A051EF22A9B00EF2A9F = {
						CreatedOnToolsVersion = 8.3.1;
						DevelopmentTeam = CR5YFAXCM3;
						ProvisioningStyle = Automatic;
					};
				};
			};
			buildConfigurationList = C28B5A011EF22A9B00EF2A9F /* Build configuration list for PBXProject "AppWatermark" */;
			compatibilityVersion = "Xcode 3.2";
			developmentRegion = English;
			hasScannedForEncodings = 0;
			knownRegions = (
				en,
				Base,
			);
			mainGroup = C28B59FD1EF22A9B00EF2A9F;
			productRefGroup = C28B5A071EF22A9B00EF2A9F /* Products */;
			projectDirPath = "";
			projectRoot = "";
			targets = (
				C28B5A051EF22A9B00EF2A9F /* AppWatermark */,
			);
		};
/* End PBXProject section */

/* Begin PBXResourcesBuildPhase section */
		C28B5A041EF22A9B00EF2A9F /* Resources */ = {
			isa = PBXResourcesBuildPhase;
			buildActionMask = 2147483647;
			files = (
				C2D2B5DE21056FAD005B4EC6 /* tab-home-normal@2x.png in Resources */,
				C2D2B5E021056FAD005B4EC6 /* tab-my-normal@2x.png in Resources */,
				C2D2B5DD21056FAD005B4EC6 /* tab-home-light@2x.png in Resources */,
				C28B5B0D1EF657D500EF2A9F /* Info.plist in Resources */,
				C2D2B5DF21056FAD005B4EC6 /* tab-my-light@2x.png in Resources */,
			);
			runOnlyForDeploymentPostprocessing = 0;
		};
/* End PBXResourcesBuildPhase section */

/* Begin PBXSourcesBuildPhase section */
		C28B5A021EF22A9B00EF2A9F /* Sources */ = {
			isa = PBXSourcesBuildPhase;
			buildActionMask = 2147483647;
			files = (
				C28B5B091EF62A8E00EF2A9F /* main.m in Sources */,
				C28B5B071EF62A8E00EF2A9F /* AppDelegate.m in Sources */,
				C2D2B5E221056FAD005B4EC6 /* AppWatermark.m in Sources */,
				C2D2B5E121056FAD005B4EC6 /* MainTabBarVC.m in Sources */,
			);
			runOnlyForDeploymentPostprocessing = 0;
		};
/* End PBXSourcesBuildPhase section */

/* Begin XCBuildConfiguration section */
		C28B5A1B1EF22A9B00EF2A9F /* Debug */ = {
			isa = XCBuildConfiguration;
			buildSettings = {
				ALWAYS_SEARCH_USER_PATHS = NO;
				CLANG_ANALYZER_NONNULL = YES;
				CLANG_ANALYZER_NUMBER_OBJECT_CONVERSION = YES_AGGRESSIVE;
				CLANG_CXX_LANGUAGE_STANDARD = "gnu++0x";
				CLANG_CXX_LIBRARY = "libc++";
				CLANG_ENABLE_MODULES = YES;
				CLANG_ENABLE_OBJC_ARC = YES;
				CLANG_WARN_BOOL_CONVERSION = YES;
				CLANG_WARN_CONSTANT_CONVERSION = YES;
				CLANG_WARN_DIRECT_OBJC_ISA_USAGE = YES_ERROR;
				CLANG_WARN_DOCUMENTATION_COMMENTS = YES;
				CLANG_WARN_EMPTY_BODY = YES;
				CLANG_WARN_ENUM_CONVERSION = YES;
				CLANG_WARN_INFINITE_RECURSION = YES;
				CLANG_WARN_INT_CONVERSION = YES;
				CLANG_WARN_OBJC_ROOT_CLASS = YES_ERROR;
				CLANG_WARN_SUSPICIOUS_MOVE = YES;
				CLANG_WARN_UNREACHABLE_CODE = YES;
				CLANG_WARN__DUPLICATE_METHOD_MATCH = YES;
				"CODE_SIGN_IDENTITY[sdk=iphoneos*]" = "iPhone Developer";
				COPY_PHASE_STRIP = NO;
				DEBUG_INFORMATION_FORMAT = dwarf;
				ENABLE_STRICT_OBJC_MSGSEND = YES;
				ENABLE_TESTABILITY = YES;
				GCC_C_LANGUAGE_STANDARD = gnu99;
				GCC_DYNAMIC_NO_PIC = NO;
				GCC_NO_COMMON_BLOCKS = YES;
				GCC_OPTIMIZATION_LEVEL = 0;
				GCC_PREPROCESSOR_DEFINITIONS = (
					"DEBUG=1",
					"$(inherited)",
				);
				GCC_WARN_64_TO_32_BIT_CONVERSION = YES;
				GCC_WARN_ABOUT_RETURN_TYPE = YES_ERROR;
				GCC_WARN_UNDECLARED_SELECTOR = YES;
				GCC_WARN_UNINITIALIZED_AUTOS = YES_AGGRESSIVE;
				GCC_WARN_UNUSED_FUNCTION = YES;
				GCC_WARN_UNUSED_VARIABLE = YES;
				IPHONEOS_DEPLOYMENT_TARGET = 10.3;
				MTL_ENABLE_DEBUG_INFO = YES;
				ONLY_ACTIVE_ARCH = YES;
				SDKROOT = iphoneos;
			};
			name = Debug;
		};
		C28B5A1C1EF22A9B00EF2A9F /* Release */ = {
			isa = XCBuildConfiguration;
			buildSettings = {
				ALWAYS_SEARCH_USER_PATHS = NO;
				CLANG_ANALYZER_NONNULL = YES;
				CLANG_ANALYZER_NUMBER_OBJECT_CONVERSION = YES_AGGRESSIVE;
				CLANG_CXX_LANGUAGE_STANDARD = "gnu++0x";
				CLANG_CXX_LIBRARY = "libc++";
				CLANG_ENABLE_MODULES = YES;
				CLANG_ENABLE_OBJC_ARC = YES;
				CLANG_WARN_BOOL_CONVERSION = YES;
				CLANG_WARN_CONSTANT_CONVERSION = YES;
				CLANG_WARN_DIRECT_OBJC_ISA_USAGE = YES_ERROR;
				CLANG_WARN_DOCUMENTATION_COMMENTS = YES;
				CLANG_WARN_EMPTY_BODY = YES;
				CLANG_WARN_ENUM_CONVERSION = YES;
				CLANG_WARN_INFINITE_RECURSION = YES;
				CLANG_WARN_INT_CONVERSION = YES;
				CLANG_WARN_OBJC_ROOT_CLASS = YES_ERROR;
				CLANG_WARN_SUSPICIOUS_MOVE = YES;
				CLANG_WARN_UNREACHABLE_CODE = YES;
				CLANG_WARN__DUPLICATE_METHOD_MATCH = YES;
				"CODE_SIGN_IDENTITY[sdk=iphoneos*]" = "iPhone Developer";
				COPY_PHASE_STRIP = NO;
				DEBUG_INFORMATION_FORMAT = "dwarf-with-dsym";
				ENABLE_NS_ASSERTIONS = NO;
				ENABLE_STRICT_OBJC_MSGSEND = YES;
				GCC_C_LANGUAGE_STANDARD = gnu99;
				GCC_NO_COMMON_BLOCKS = YES;
				GCC_WARN_64_TO_32_BIT_CONVERSION = YES;
				GCC_WARN_ABOUT_RETURN_TYPE = YES_ERROR;
				GCC_WARN_UNDECLARED_SELECTOR = YES;
				GCC_WARN_UNINITIALIZED_AUTOS = YES_AGGRESSIVE;
				GCC_WARN_UNUSED_FUNCTION = YES;
				GCC_WARN_UNUSED_VARIABLE = YES;
				IPHONEOS_DEPLOYMENT_TARGET = 10.3;
				MTL_ENABLE_DEBUG_INFO = NO;
				SDKROOT = iphoneos;
				VALIDATE_PRODUCT = YES;
			};
			name = Release;
		};
		C28B5A1E1EF22A9B00EF2A9F /* Debug */ = {
			isa = XCBuildConfiguration;
			buildSettings = {
				ASSETCATALOG_COMPILER_APPICON_NAME = AppIcon;
				"CODE_SIGN_IDENTITY[sdk=iphoneos*]" = "iPhone Developer";
				DEVELOPMENT_TEAM = CR5YFAXCM3;
				GCC_PREFIX_HEADER = "$(SRCROOT)/AppWatermark/Supporting Files/AppWatermark-Prefix.pch";
				INFOPLIST_FILE = "AppWatermark/Supporting Files/Info.plist";
				IPHONEOS_DEPLOYMENT_TARGET = 8.0;
				LD_RUNPATH_SEARCH_PATHS = "$(inherited) @executable_path/Frameworks";
				PRODUCT_BUNDLE_IDENTIFIER = gaoyp.AppWatermark;
				PRODUCT_NAME = "$(TARGET_NAME)";
				PROVISIONING_PROFILE_SPECIFIER = "";
			};
			name = Debug;
		};
		C28B5A1F1EF22A9B00EF2A9F /* Release */ = {
			isa = XCBuildConfiguration;
			buildSettings = {
				ASSETCATALOG_COMPILER_APPICON_NAME = AppIcon;
				"CODE_SIGN_IDENTITY[sdk=iphoneos*]" = "iPhone Developer";
				DEVELOPMENT_TEAM = CR5YFAXCM3;
				GCC_PREFIX_HEADER = "$(SRCROOT)/AppWatermark/Supporting Files/AppWatermark-Prefix.pch";
				INFOPLIST_FILE = "AppWatermark/Supporting Files/Info.plist";
				IPHONEOS_DEPLOYMENT_TARGET = 8.0;
				LD_RUNPATH_SEARCH_PATHS = "$(inherited) @executable_path/Frameworks";
				PRODUCT_BUNDLE_IDENTIFIER = gaoyp.AppWatermark;
				PRODUCT_NAME = "$(TARGET_NAME)";
				PROVISIONING_PROFILE_SPECIFIER = "";
			};
			name = Release;
		};
/* End XCBuildConfiguration section */

/* Begin XCConfigurationList section */
		C28B5A011EF22A9B00EF2A9F /* Build configuration list for PBXProject "AppWatermark" */ = {
			isa = XCConfigurationList;
			buildConfigurations = (
				C28B5A1B1EF22A9B00EF2A9F /* Debug */,
				C28B5A1C1EF22A9B00EF2A9F /* Release */,
			);
			defaultConfigurationIsVisible = 0;
			defaultConfigurationName = Release;
		};
		C28B5A1D1EF22A9B00EF2A9F /* Build configuration list for PBXNativeTarget "AppWatermark" */ = {
			isa = XCConfigurationList;
			buildConfigurations = (
				C28B5A1E1EF22A9B00EF2A9F /* Debug */,
				C28B5A1F1EF22A9B00EF2A9F /* Release */,
			);
			defaultConfigurationIsVisible = 0;
			defaultConfigurationName = Release;
		};
/* End XCConfigurationList section */
	};
	rootObject = C28B59FE1EF22A9B00EF2A9F /* Project object */;
}
